#MicroXplorer Configuration settings - do not modify
Mcu.Family=STM32F1
PB7.GPIO_PuPd=GPIO_PULLDOWN
RCC.PLLSourceVirtual=RCC_PLLSOURCE_HSE
ProjectManager.MainLocation=Core/Src
RCC.MCOFreq_Value=72000000
NVIC.EXTI4_IRQn=true\:3\:0\:true\:false\:true\:true\:true
SH.GPXTI5.0=GPIO_EXTI5
ProjectManager.ProjectFileName=F103_Keyboard.ioc
PB8.GPIOParameters=GPIO_PuPd
PD1-OSC_OUT.Mode=HSE-External-Oscillator
ProjectManager.KeepUserCode=true
Mcu.UserName=STM32F103C8Tx
PA15.GPIOParameters=GPIO_PuPd,GPIO_ModeDefaultEXTI
Mcu.PinsNb=17
PB10.Mode=Asynchronous
ProjectManager.NoMain=false
PB4.GPIO_ModeDefaultEXTI=GPIO_MODE_IT_FALLING
RCC.PLLCLKFreq_Value=72000000
PB6.GPIO_PuPd=GPIO_PULLDOWN
ProjectManager.functionlistsort=1-MX_GPIO_Init-GPIO-false-HAL-true,2-SystemClock_Config-RCC-false-HAL-false,3-MX_USART3_UART_Init-USART3-false-HAL-true
PB8.GPIO_PuPd=GPIO_PULLDOWN
NVIC.EXTI3_IRQn=true\:3\:0\:true\:false\:true\:true\:true
RCC.ADCFreqValue=36000000
ProjectManager.DefaultFWLocation=true
PD0-OSC_IN.Signal=RCC_OSC_IN
PB3.GPIO_ModeDefaultEXTI=GPIO_MODE_IT_FALLING
ProjectManager.DeletePrevious=true
RCC.APB1CLKDivider=RCC_HCLK_DIV2
PB11.Signal=USART3_RX
PinOutPanel.RotationAngle=0
RCC.FamilyName=M
RCC.SYSCLKSource=RCC_SYSCLKSOURCE_PLLCLK
ProjectManager.StackSize=0x400
PB5.GPIOParameters=GPIO_PuPd,GPIO_ModeDefaultEXTI
PD1-OSC_OUT.Signal=RCC_OSC_OUT
PB9.GPIOParameters=GPIO_PuPd
PA13.Signal=SYS_JTMS-SWDIO
RCC.FCLKCortexFreq_Value=72000000
NVIC.SVCall_IRQn=true\:0\:0\:false\:false\:true\:false\:false
Mcu.IP2=SYS
Mcu.IP3=USART3
PB4.GPIOParameters=GPIO_PuPd,GPIO_ModeDefaultEXTI
Mcu.IP0=NVIC
PA15.Locked=true
Mcu.IP1=RCC
SH.GPXTI3.ConfNb=1
Mcu.UserConstants=
PB11.Mode=Asynchronous
ProjectManager.TargetToolchain=STM32CubeIDE
Mcu.ThirdPartyNb=0
PA15.GPIO_ModeDefaultEXTI=GPIO_MODE_IT_FALLING
PB1.GPIO_PuPd=GPIO_PULLUP
PB7.GPIOParameters=GPIO_PuPd
RCC.HCLKFreq_Value=72000000
Mcu.IPNb=4
ProjectManager.PreviousToolchain=
RCC.APB2TimFreq_Value=72000000
PB6.Signal=GPIO_Input
PB5.Locked=true
PB9.Locked=true
Mcu.Pin6=PA13
Mcu.Pin7=PA14
PB4.GPIO_PuPd=GPIO_PULLUP
ProjectManager.RegisterCallBack=
Mcu.Pin8=PA15
RCC.USBFreq_Value=72000000
Mcu.Pin9=PB3
RCC.AHBFreq_Value=72000000
Mcu.Pin0=PD0-OSC_IN
PB1.Locked=true
Mcu.Pin1=PD1-OSC_OUT
GPIO.groupedBy=Group By Peripherals
PD0-OSC_IN.Mode=HSE-External-Oscillator
Mcu.Pin2=PB0
PB10.Signal=USART3_TX
Mcu.Pin3=PB1
Mcu.Pin4=PB10
NVIC.EXTI15_10_IRQn=true\:3\:0\:true\:false\:true\:true\:true
Mcu.Pin5=PB11
ProjectManager.ProjectBuild=false
NVIC.UsageFault_IRQn=true\:0\:0\:false\:false\:true\:false\:false
NVIC.DebugMonitor_IRQn=true\:0\:0\:false\:false\:true\:false\:false
board=custom
SH.GPXTI3.0=GPIO_EXTI3
NVIC.SysTick_IRQn=true\:0\:0\:false\:false\:true\:false\:true
ProjectManager.LastFirmware=true
RCC.PLLMUL=RCC_PLL_MUL9
RCC.VCOOutput2Freq_Value=8000000
ProjectManager.FirmwarePackage=STM32Cube FW_F1 V1.8.3
MxDb.Version=DB.6.0.21
PB0.GPIOParameters=GPIO_PuPd
RCC.APB2Freq_Value=72000000
PB3.GPIO_PuPd=GPIO_PULLUP
ProjectManager.BackupPrevious=false
MxCube.Version=6.2.1
PA14.Mode=Serial_Wire
File.Version=6
VP_SYS_VS_Systick.Mode=SysTick
PB3.GPIOParameters=GPIO_PuPd,GPIO_ModeDefaultEXTI
PB7.Signal=GPIO_Input
PB8.Locked=true
NVIC.NonMaskableInt_IRQn=true\:0\:0\:false\:false\:true\:false\:false
PB6.Locked=true
NVIC.PendSV_IRQn=true\:0\:0\:false\:false\:true\:false\:false
PA13.Mode=Serial_Wire
ProjectManager.FreePins=false
RCC.IPParameters=ADCFreqValue,AHBFreq_Value,APB1CLKDivider,APB1Freq_Value,APB1TimFreq_Value,APB2Freq_Value,APB2TimFreq_Value,FCLKCortexFreq_Value,FamilyName,HCLKFreq_Value,MCOFreq_Value,PLLCLKFreq_Value,PLLMCOFreq_Value,PLLMUL,PLLSourceVirtual,SYSCLKFreq_VALUE,SYSCLKSource,TimSysFreq_Value,USBFreq_Value,VCOOutput2Freq_Value
ProjectManager.AskForMigrate=true
Mcu.Name=STM32F103C(8-B)Tx
PB6.GPIOParameters=GPIO_PuPd
ProjectManager.HalAssertFull=false
PB0.Locked=true
ProjectManager.ProjectName=F103_Keyboard
ProjectManager.UnderRoot=true
RCC.PLLMCOFreq_Value=36000000
ProjectManager.CoupleFile=true
PB4.Locked=true
PB3.Signal=GPXTI3
RCC.SYSCLKFreq_VALUE=72000000
Mcu.Package=LQFP48
PB5.Signal=GPXTI5
PB9.Signal=GPIO_Input
PB1.Signal=GPIO_Output
RCC.TimSysFreq_Value=72000000
SH.GPXTI4.0=GPIO_EXTI4
NVIC.ForceEnableDMAVector=true
KeepUserPlacement=false
USART3.VirtualMode=VM_ASYNC
PB5.GPIO_PuPd=GPIO_PULLUP
NVIC.MemoryManagement_IRQn=true\:0\:0\:false\:false\:true\:false\:false
ProjectManager.CompilerOptimize=6
ProjectManager.ToolChainLocation=
VP_SYS_VS_Systick.Signal=SYS_VS_Systick
SH.GPXTI5.ConfNb=1
NVIC.EXTI9_5_IRQn=true\:3\:0\:true\:false\:true\:true\:true
USART3.IPParameters=VirtualMode
PA14.Signal=SYS_JTCK-SWCLK
PB9.GPIO_PuPd=GPIO_PULLDOWN
PA15.Signal=GPXTI15
ProjectManager.HeapSize=0x200
Mcu.Pin15=PB9
NVIC.HardFault_IRQn=true\:0\:0\:false\:false\:true\:false\:false
Mcu.Pin16=VP_SYS_VS_Systick
SH.GPXTI4.ConfNb=1
Mcu.Pin13=PB7
Mcu.Pin14=PB8
SH.GPXTI15.ConfNb=1
ProjectManager.ComputerToolchain=false
NVIC.PriorityGroup=NVIC_PRIORITYGROUP_4
SH.GPXTI15.0=GPIO_EXTI15
Mcu.Pin11=PB5
Mcu.Pin12=PB6
Mcu.Pin10=PB4
PA15.GPIO_PuPd=GPIO_PULLUP
PB7.Locked=true
RCC.APB1TimFreq_Value=72000000
PB8.Signal=GPIO_Input
NVIC.BusFault_IRQn=true\:0\:0\:false\:false\:true\:false\:false
RCC.APB1Freq_Value=36000000
PB0.Signal=GPIO_Output
ProjectManager.CustomerFirmwarePackage=
ProjectManager.DeviceId=STM32F103C8Tx
ProjectManager.LibraryCopy=1
PB0.GPIO_PuPd=GPIO_PULLUP
PB3.Locked=true
PB4.Signal=GPXTI4
PB1.GPIOParameters=GPIO_PuPd
PB5.GPIO_ModeDefaultEXTI=GPIO_MODE_IT_FALLING
isbadioc=false
