#MicroXplorer Configuration settings - do not modify
Mcu.Family=STM32L4
NVIC.USART3_IRQn=true\:1\:0\:true\:false\:true\:true\:true
RCC.MSI_VALUE=4000000
RCC.PLLSourceVirtual=RCC_PLLSOURCE_HSE
ProjectManager.MainLocation=Core/Src
RCC.PLLQoutputFreq_Value=32000000
RCC.USART1Freq_Value=32000000
ProjectManager.ProjectFileName=KE1_MyAPP.ioc
RCC.SAI1Freq_Value=9142857.142857144
USART2.IPParameters=VirtualMode-Asynchronous,BaudRate
SH.S_TIM2_CH1.0=TIM2_CH1,Input_Capture1_from_TI1
RCC.CortexFreq_Value=32000000
TIM2.Channel-Input_Capture1_from_TI1=TIM_CHANNEL_1
ProjectManager.KeepUserCode=true
Mcu.UserName=STM32L433CCTx
PA10.Mode=Asynchronous
Mcu.PinsNb=19
PB10.Mode=Asynchronous
ProjectManager.NoMain=false
PH0-OSC_IN\ (PH0).Signal=RCC_OSC_IN
RCC.PLLSAI1RoutputFreq_Value=32000000
RCC.SWPMI1Freq_Value=32000000
ProjectManager.functionlistsort=1-MX_GPIO_Init-GPIO-false-HAL-true,2-SystemClock_Config-RCC-false-HAL-false,3-MX_USART1_UART_Init-USART1-false-HAL-true,4-MX_USART2_UART_Init-USART2-false-HAL-true,5-MX_USART3_UART_Init-USART3-false-HAL-true
ProjectManager.DefaultFWLocation=true
PC15-OSC32_OUT\ (PC15).Signal=RCC_OSC32_OUT
RCC.USART2Freq_Value=32000000
PC15-OSC32_OUT\ (PC15).Mode=LSE-External-Oscillator
ProjectManager.DeletePrevious=true
USART1.IPParameters=VirtualMode-Asynchronous
PB11.Signal=USART3_RX
NVIC.USART2_IRQn=true\:3\:0\:true\:false\:true\:true\:true
USART2.BaudRate=115200
PinOutPanel.RotationAngle=0
RCC.FamilyName=M
PH1-OSC_OUT\ (PH1).Signal=RCC_OSC_OUT
RCC.MCO1PinFreq_Value=32000000
RCC.SYSCLKSource=RCC_SYSCLKSOURCE_PLLCLK
ProjectManager.StackSize=0x400
PB5.GPIOParameters=PinState
PC14-OSC32_IN\ (PC14).Mode=LSE-External-Oscillator
USART3.VirtualMode-Asynchronous=VM_ASYNC
RCC.I2C3Freq_Value=32000000
RCC.LPTIM1Freq_Value=32000000
USART1.VirtualMode-Asynchronous=VM_ASYNC
PA3.Mode=Asynchronous
Mcu.IP4=USART1
RCC.FCLKCortexFreq_Value=32000000
Mcu.IP5=USART2
NVIC.SVCall_IRQn=true\:0\:0\:false\:false\:true\:false\:false
Mcu.IP2=SYS
Mcu.IP3=TIM2
Mcu.IP0=NVIC
PA9.Mode=Asynchronous
Mcu.IP1=RCC
USART3.BaudRate=9600
Mcu.UserConstants=
PB11.Mode=Asynchronous
RCC.VCOSAI1OutputFreq_Value=64000000
ProjectManager.TargetToolchain=STM32CubeIDE
Mcu.ThirdPartyNb=0
PB7.GPIOParameters=PinState
RCC.HCLKFreq_Value=32000000
Mcu.IPNb=7
TIM2.IPParameters=Channel-Input_Capture1_from_TI1,Prescaler,Period
ProjectManager.PreviousToolchain=
RCC.APB2TimFreq_Value=32000000
PA9.Signal=USART1_TX
PB6.Signal=GPIO_Output
PB5.PinState=GPIO_PIN_SET
PB5.Locked=true
PB9.Locked=true
Mcu.Pin6=PA5
Mcu.Pin7=PA7
VP_TIM2_VS_ClockSourceINT.Signal=TIM2_VS_ClockSourceINT
ProjectManager.RegisterCallBack=
Mcu.Pin8=PB10
RCC.USBFreq_Value=32000000
Mcu.Pin9=PB11
RCC.AHBFreq_Value=32000000
RCC.PLLSAI1PoutputFreq_Value=9142857.142857144
Mcu.Pin0=PC14-OSC32_IN (PC14)
Mcu.Pin1=PC15-OSC32_OUT (PC15)
GPIO.groupedBy=Group By Peripherals
Mcu.Pin2=PH0-OSC_IN (PH0)
PB10.Signal=USART3_TX
Mcu.Pin3=PH1-OSC_OUT (PH1)
RCC.USART3Freq_Value=32000000
Mcu.Pin4=PA2
Mcu.Pin5=PA3
PA5.Signal=S_TIM2_CH1
ProjectManager.ProjectBuild=false
PH1-OSC_OUT\ (PH1).Mode=HSE-External-Oscillator
RCC.HSE_VALUE=8000000
NVIC.UsageFault_IRQn=true\:0\:0\:false\:false\:true\:false\:false
NVIC.DebugMonitor_IRQn=true\:0\:0\:false\:false\:true\:false\:false
board=custom
USART2.VirtualMode-Asynchronous=VM_ASYNC
RCC.VCOOutputFreq_Value=64000000
NVIC.SysTick_IRQn=true\:0\:0\:false\:false\:true\:false\:true
ProjectManager.LastFirmware=true
ProjectManager.FirmwarePackage=STM32Cube FW_L4 V1.17.0
MxDb.Version=DB.6.0.20
RCC.APB2Freq_Value=32000000
ProjectManager.BackupPrevious=false
MxCube.Version=6.2.0
RCC.VCOInputFreq_Value=8000000
VP_TIM2_VS_ClockSourceINT.Mode=Internal
RCC.I2C1Freq_Value=32000000
RCC.RNGFreq_Value=32000000
RCC.PLLSAI1QoutputFreq_Value=32000000
NVIC.TIM2_IRQn=true\:0\:0\:false\:false\:true\:true\:true
RCC.ADCFreq_Value=32000000
File.Version=6
VP_SYS_VS_Systick.Mode=SysTick
SH.S_TIM2_CH1.ConfNb=1
PB7.Signal=GPIO_Output
PB8.Locked=true
NVIC.NonMaskableInt_IRQn=true\:0\:0\:false\:false\:true\:false\:false
RCC.PLLRCLKFreq_Value=32000000
PB6.Locked=true
NVIC.PendSV_IRQn=true\:0\:0\:false\:false\:true\:false\:false
TIM2.Period=0xFFFF
ProjectManager.FreePins=false
RCC.IPParameters=ADCFreq_Value,AHBFreq_Value,APB1Freq_Value,APB1TimFreq_Value,APB2Freq_Value,APB2TimFreq_Value,CortexFreq_Value,FCLKCortexFreq_Value,FamilyName,HCLKFreq_Value,HSE_VALUE,HSI48_VALUE,HSI_VALUE,I2C1Freq_Value,I2C2Freq_Value,I2C3Freq_Value,LPTIM1Freq_Value,LPTIM2Freq_Value,LPUART1Freq_Value,LSCOPinFreq_Value,LSI_VALUE,MCO1PinFreq_Value,MSI_VALUE,PLLPoutputFreq_Value,PLLQoutputFreq_Value,PLLRCLKFreq_Value,PLLSAI1PoutputFreq_Value,PLLSAI1QoutputFreq_Value,PLLSAI1RoutputFreq_Value,PLLSourceVirtual,PWRFreq_Value,RNGFreq_Value,SAI1Freq_Value,SWPMI1Freq_Value,SYSCLKFreq_VALUE,SYSCLKSource,USART1Freq_Value,USART2Freq_Value,USART3Freq_Value,USBFreq_Value,VCOInputFreq_Value,VCOOutputFreq_Value,VCOSAI1OutputFreq_Value
ProjectManager.AskForMigrate=true
Mcu.Name=STM32L433C(B-C)Tx
RCC.LPTIM2Freq_Value=32000000
PB6.GPIOParameters=PinState
ProjectManager.HalAssertFull=false
PA2.Signal=USART2_TX
ProjectManager.ProjectName=KE1_MyAPP
ProjectManager.UnderRoot=true
PB7.PinState=GPIO_PIN_SET
Mcu.IP6=USART3
ProjectManager.CoupleFile=true
RCC.SYSCLKFreq_VALUE=32000000
Mcu.Package=LQFP48
PB5.Signal=GPIO_Output
PB9.Signal=GPIO_Output
TIM2.Prescaler=32-1
PA7.Locked=true
PA5.Locked=true
NVIC.ForceEnableDMAVector=true
KeepUserPlacement=false
PC14-OSC32_IN\ (PC14).Signal=RCC_OSC32_IN
NVIC.MemoryManagement_IRQn=true\:0\:0\:false\:false\:true\:false\:false
ProjectManager.CompilerOptimize=6
PB6.PinState=GPIO_PIN_SET
ProjectManager.ToolChainLocation=
RCC.LSI_VALUE=32000
VP_SYS_VS_Systick.Signal=SYS_VS_Systick
RCC.LSCOPinFreq_Value=32000
USART3.IPParameters=VirtualMode-Asynchronous,BaudRate
PA10.Signal=USART1_RX
ProjectManager.HeapSize=0x200
Mcu.Pin15=PB8
NVIC.HardFault_IRQn=true\:0\:0\:false\:false\:true\:false\:false
Mcu.Pin16=PB9
Mcu.Pin13=PB6
Mcu.Pin14=PB7
ProjectManager.ComputerToolchain=false
Mcu.Pin17=VP_SYS_VS_Systick
RCC.HSI_VALUE=16000000
Mcu.Pin18=VP_TIM2_VS_ClockSourceINT
NVIC.PriorityGroup=NVIC_PRIORITYGROUP_4
Mcu.Pin11=PA10
Mcu.Pin12=PB5
RCC.PLLPoutputFreq_Value=9142857.142857144
Mcu.Pin10=PA9
PB7.Locked=true
RCC.APB1TimFreq_Value=32000000
PA2.Mode=Asynchronous
PB8.Signal=GPIO_Output
NVIC.BusFault_IRQn=true\:0\:0\:false\:false\:true\:false\:false
RCC.PWRFreq_Value=32000000
RCC.LPUART1Freq_Value=32000000
RCC.I2C2Freq_Value=32000000
RCC.APB1Freq_Value=32000000
PH0-OSC_IN\ (PH0).Mode=HSE-External-Oscillator
ProjectManager.CustomerFirmwarePackage=
ProjectManager.DeviceId=STM32L433CCTx
ProjectManager.LibraryCopy=1
RCC.HSI48_VALUE=48000000
PA3.Signal=USART2_RX
PA7.Signal=GPIO_Output
isbadioc=false
